
Microsoft Visual Studio Solution File, Format Version 12.00
# Visual Studio Version 17
VisualStudioVersion = 17.0.31903.59
MinimumVisualStudioVersion = 10.0.40219.1
Project("{FAE04EC0-301F-11D3-BF4B-00C04F79EFBC}") = "AuthApp", "AuthApp\AuthApp.csproj", "{3D96181E-FCB9-4E1D-85FF-E32ADEADFA44}"
EndProject
Global
	GlobalSection(SolutionConfigurationPlatforms) = preSolution
		Debug|Any CPU = Debug|Any CPU
		Release|Any CPU = Release|Any CPU
	EndGlobalSection
	GlobalSection(ProjectConfigurationPlatforms) = postSolution
		{3D96181E-FCB9-4E1D-85FF-E32ADEADFA44}.Debug|Any CPU.ActiveCfg = Debug|Any CPU
		{3D96181E-FCB9-4E1D-85FF-E32ADEADFA44}.Debug|Any CPU.Build.0 = Debug|Any CPU
		{3D96181E-FCB9-4E1D-85FF-E32ADEADFA44}.Release|Any CPU.ActiveCfg = Release|Any CPU
		{3D96181E-FCB9-4E1D-85FF-E32ADEADFA44}.Release|Any CPU.Build.0 = Release|Any CPU
	EndGlobalSection
	GlobalSection(SolutionProperties) = preSolution
		HideSolutionNode = FALSE
	EndGlobalSection
	GlobalSection(ExtensibilityGlobals) = postSolution
		SolutionGuid = {BB449F97-295F-4E4C-A3A6-2C0FA53BE071}
	EndGlobalSection
EndGlobal
